// !$*UTF8*$!
{
	archiveVersion = 1;
	classes = {
	};
	objectVersion = 50;
	objects = {

/* Begin PBXBuildFile section */
		3491EFEF2080E23F00EAB303 /* AppDelegate.swift in Sources */ = {isa = PBXBuildFile; fileRef = 3491EFEE2080E23F00EAB303 /* AppDelegate.swift */; };
		3491EFF42080E23F00EAB303 /* Main.storyboard in Resources */ = {isa = PBXBuildFile; fileRef = 3491EFF22080E23F00EAB303 /* Main.storyboard */; };
		3491EFF62080E24000EAB303 /* Assets.xcassets in Resources */ = {isa = PBXBuildFile; fileRef = 3491EFF52080E24000EAB303 /* Assets.xcassets */; };
		3491EFF92080E24000EAB303 /* LaunchScreen.storyboard in Resources */ = {isa = PBXBuildFile; fileRef = 3491EFF72080E24000EAB303 /* LaunchScreen.storyboard */; };
		34BB114D2081A578005BE910 /* GCDTableVC.swift in Sources */ = {isa = PBXBuildFile; fileRef = 34BB114C2081A578005BE910 /* GCDTableVC.swift */; };
		34BB114F2081A586005BE910 /* OperationTableVC.swift in Sources */ = {isa = PBXBuildFile; fileRef = 34BB114E2081A586005BE910 /* OperationTableVC.swift */; };
		34BB11512081B9F9005BE910 /* RWOperation.swift in Sources */ = {isa = PBXBuildFile; fileRef = 34BB11502081B9F9005BE910 /* RWOperation.swift */; };
/* End PBXBuildFile section */

/* Begin PBXFileReference section */
		3491EFEB2080E23F00EAB303 /* ThreadForiOS.app */ = {isa = PBXFileReference; explicitFileType = wrapper.application; includeInIndex = 0; path = ThreadForiOS.app; sourceTree = BUILT_PRODUCTS_DIR; };
		3491EFEE2080E23F00EAB303 /* AppDelegate.swift */ = {isa = PBXFileReference; lastKnownFileType = sourcecode.swift; path = AppDelegate.swift; sourceTree = "<group>"; };
		3491EFF32080E23F00EAB303 /* Base */ = {isa = PBXFileReference; lastKnownFileType = file.storyboard; name = Base; path = Base.lproj/Main.storyboard; sourceTree = "<group>"; };
		3491EFF52080E24000EAB303 /* Assets.xcassets */ = {isa = PBXFileReference; lastKnownFileType = folder.assetcatalog; path = Assets.xcassets; sourceTree = "<group>"; };
		3491EFF82080E24000EAB303 /* Base */ = {isa = PBXFileReference; lastKnownFileType = file.storyboard; name = Base; path = Base.lproj/LaunchScreen.storyboard; sourceTree = "<group>"; };
		3491EFFA2080E24000EAB303 /* Info.plist */ = {isa = PBXFileReference; lastKnownFileType = text.plist.xml; path = Info.plist; sourceTree = "<group>"; };
		34BB114C2081A578005BE910 /* GCDTableVC.swift */ = {isa = PBXFileReference; lastKnownFileType = sourcecode.swift; path = GCDTableVC.swift; sourceTree = "<group>"; };
		34BB114E2081A586005BE910 /* OperationTableVC.swift */ = {isa = PBXFileReference; lastKnownFileType = sourcecode.swift; path = OperationTableVC.swift; sourceTree = "<group>"; };
		34BB11502081B9F9005BE910 /* RWOperation.swift */ = {isa = PBXFileReference; lastKnownFileType = sourcecode.swift; path = RWOperation.swift; sourceTree = "<group>"; };
/* End PBXFileReference section */

/* Begin PBXFrameworksBuildPhase section */
		3491EFE82080E23F00EAB303 /* Frameworks */ = {
			isa = PBXFrameworksBuildPhase;
			buildActionMask = 2147483647;
			files = (
			);
			runOnlyForDeploymentPostprocessing = 0;
		};
/* End PBXFrameworksBuildPhase section */

/* Begin PBXGroup section */
		3491EFE22080E23F00EAB303 = {
			isa = PBXGroup;
			children = (
				3491EFED2080E23F00EAB303 /* ThreadForiOS */,
				3491EFEC2080E23F00EAB303 /* Products */,
			);
			sourceTree = "<group>";
		};
		3491EFEC2080E23F00EAB303 /* Products */ = {
			isa = PBXGroup;
			children = (
				3491EFEB2080E23F00EAB303 /* ThreadForiOS.app */,
			);
			name = Products;
			sourceTree = "<group>";
		};
		3491EFED2080E23F00EAB303 /* ThreadForiOS */ = {
			isa = PBXGroup;
			children = (
				3491EFEE2080E23F00EAB303 /* AppDelegate.swift */,
				34BB114C2081A578005BE910 /* GCDTableVC.swift */,
				34BB114E2081A586005BE910 /* OperationTableVC.swift */,
				3491EFF22080E23F00EAB303 /* Main.storyboard */,
				34BB11502081B9F9005BE910 /* RWOperation.swift */,
				3491EFF52080E24000EAB303 /* Assets.xcassets */,
				3491EFF72080E24000EAB303 /* LaunchScreen.storyboard */,
				3491EFFA2080E24000EAB303 /* Info.plist */,
			);
			path = ThreadForiOS;
			sourceTree = "<group>";
		};
/* End PBXGroup section */

/* Begin PBXNativeTarget section */
		3491EFEA2080E23F00EAB303 /* ThreadForiOS */ = {
			isa = PBXNativeTarget;
			buildConfigurationList = 3491EFFD2080E24000EAB303 /* Build configuration list for PBXNativeTarget "ThreadForiOS" */;
			buildPhases = (
				3491EFE72080E23F00EAB303 /* Sources */,
				3491EFE82080E23F00EAB303 /* Frameworks */,
				3491EFE92080E23F00EAB303 /* Resources */,
			);
			buildRules = (
			);
			dependencies = (
			);
			name = ThreadForiOS;
			productName = ThreadForiOS;
			productReference = 3491EFEB2080E23F00EAB303 /* ThreadForiOS.app */;
			productType = "com.apple.product-type.application";
		};
/* End PBXNativeTarget section */

/* Begin PBXProject section */
		3491EFE32080E23F00EAB303 /* Project object */ = {
			isa = PBXProject;
			attributes = {
				LastSwiftUpdateCheck = 0930;
				LastUpgradeCheck = 0930;
				ORGANIZATIONNAME = RonanStudio;
				TargetAttributes = {
					3491EFEA2080E23F00EAB303 = {
						CreatedOnToolsVersion = 9.3;
					};
				};
			};
			buildConfigurationList = 3491EFE62080E23F00EAB303 /* Build configuration list for PBXProject "ThreadForiOS" */;
			compatibilityVersion = "Xcode 9.3";
			developmentRegion = en;
			hasScannedForEncodings = 0;
			knownRegions = (
				en,
				Base,
			);
			mainGroup = 3491EFE22080E23F00EAB303;
			productRefGroup = 3491EFEC2080E23F00EAB303 /* Products */;
			projectDirPath = "";
			projectRoot = "";
			targets = (
				3491EFEA2080E23F00EAB303 /* ThreadForiOS */,
			);
		};
/* End PBXProject section */

/* Begin PBXResourcesBuildPhase section */
		3491EFE92080E23F00EAB303 /* Resources */ = {
			isa = PBXResourcesBuildPhase;
			buildActionMask = 2147483647;
			files = (
				3491EFF92080E24000EAB303 /* LaunchScreen.storyboard in Resources */,
				3491EFF62080E24000EAB303 /* Assets.xcassets in Resources */,
				3491EFF42080E23F00EAB303 /* Main.storyboard in Resources */,
			);
			runOnlyForDeploymentPostprocessing = 0;
		};
/* End PBXResourcesBuildPhase section */

/* Begin PBXSourcesBuildPhase section */
		3491EFE72080E23F00EAB303 /* Sources */ = {
			isa = PBXSourcesBuildPhase;
			buildActionMask = 2147483647;
			files = (
				34BB114F2081A586005BE910 /* OperationTableVC.swift in Sources */,
				34BB114D2081A578005BE910 /* GCDTableVC.swift in Sources */,
				34BB11512081B9F9005BE910 /* RWOperation.swift in Sources */,
				3491EFEF2080E23F00EAB303 /* AppDelegate.swift in Sources */,
			);
			runOnlyForDeploymentPostprocessing = 0;
		};
/* End PBXSourcesBuildPhase section */

/* Begin PBXVariantGroup section */
		3491EFF22080E23F00EAB303 /* Main.storyboard */ = {
			isa = PBXVariantGroup;
			children = (
				3491EFF32080E23F00EAB303 /* Base */,
			);
			name = Main.storyboard;
			sourceTree = "<group>";
		};
		3491EFF72080E24000EAB303 /* LaunchScreen.storyboard */ = {
			isa = PBXVariantGroup;
			children = (
				3491EFF82080E24000EAB303 /* Base */,
			);
			name = LaunchScreen.storyboard;
			sourceTree = "<group>";
		};
/* End PBXVariantGroup section */

/* Begin XCBuildConfiguration section */
		3491EFFB2080E24000EAB303 /* Debug */ = {
			isa = XCBuildConfiguration;
			buildSettings = {
				ALWAYS_SEARCH_USER_PATHS = NO;
				CLANG_ANALYZER_NONNULL = YES;
				CLANG_ANALYZER_NUMBER_OBJECT_CONVERSION = YES_AGGRESSIVE;
				CLANG_CXX_LANGUAGE_STANDARD = "gnu++14";
				CLANG_CXX_LIBRARY = "libc++";
				CLANG_ENABLE_MODULES = YES;
				CLANG_ENABLE_OBJC_ARC = YES;
				CLANG_ENABLE_OBJC_WEAK = YES;
				CLANG_WARN_BLOCK_CAPTURE_AUTORELEASING = YES;
				CLANG_WARN_BOOL_CONVERSION = YES;
				CLANG_WARN_COMMA = YES;
				CLANG_WARN_CONSTANT_CONVERSION = YES;
				CLANG_WARN_DEPRECATED_OBJC_IMPLEMENTATIONS = YES;
				CLANG_WARN_DIRECT_OBJC_ISA_USAGE = YES_ERROR;
				CLANG_WARN_DOCUMENTATION_COMMENTS = YES;
				CLANG_WARN_EMPTY_BODY = YES;
				CLANG_WARN_ENUM_CONVERSION = YES;
				CLANG_WARN_INFINITE_RECURSION = YES;
				CLANG_WARN_INT_CONVERSION = YES;
				CLANG_WARN_NON_LITERAL_NULL_CONVERSION = YES;
				CLANG_WARN_OBJC_IMPLICIT_RETAIN_SELF = YES;
				CLANG_WARN_OBJC_LITERAL_CONVERSION = YES;
				CLANG_WARN_OBJC_ROOT_CLASS = YES_ERROR;
				CLANG_WARN_RANGE_LOOP_ANALYSIS = YES;
				CLANG_WARN_STRICT_PROTOTYPES = YES;
				CLANG_WARN_SUSPICIOUS_MOVE = YES;
				CLANG_WARN_UNGUARDED_AVAILABILITY = YES_AGGRESSIVE;
				CLANG_WARN_UNREACHABLE_CODE = YES;
				CLANG_WARN__DUPLICATE_METHOD_MATCH = YES;
				CODE_SIGN_IDENTITY = "iPhone Developer";
				COPY_PHASE_STRIP = NO;
				DEBUG_INFORMATION_FORMAT = dwarf;
				ENABLE_STRICT_OBJC_MSGSEND = YES;
				ENABLE_TESTABILITY = YES;
				GCC_C_LANGUAGE_STANDARD = gnu11;
				GCC_DYNAMIC_NO_PIC = NO;
				GCC_NO_COMMON_BLOCKS = YES;
				GCC_OPTIMIZATION_LEVEL = 0;
				GCC_PREPROCESSOR_DEFINITIONS = (
					"DEBUG=1",
					"$(inherited)",
				);
				GCC_WARN_64_TO_32_BIT_CONVERSION = YES;
				GCC_WARN_ABOUT_RETURN_TYPE = YES_ERROR;
				GCC_WARN_UNDECLARED_SELECTOR = YES;
				GCC_WARN_UNINITIALIZED_AUTOS = YES_AGGRESSIVE;
				GCC_WARN_UNUSED_FUNCTION = YES;
				GCC_WARN_UNUSED_VARIABLE = YES;
				IPHONEOS_DEPLOYMENT_TARGET = 11.3;
				MTL_ENABLE_DEBUG_INFO = YES;
				ONLY_ACTIVE_ARCH = YES;
				SDKROOT = iphoneos;
				SWIFT_ACTIVE_COMPILATION_CONDITIONS = DEBUG;
				SWIFT_OPTIMIZATION_LEVEL = "-Onone";
			};
			name = Debug;
		};
		3491EFFC2080E24000EAB303 /* Release */ = {
			isa = XCBuildConfiguration;
			buildSettings = {
				ALWAYS_SEARCH_USER_PATHS = NO;
				CLANG_ANALYZER_NONNULL = YES;
				CLANG_ANALYZER_NUMBER_OBJECT_CONVERSION = YES_AGGRESSIVE;
				CLANG_CXX_LANGUAGE_STANDARD = "gnu++14";
				CLANG_CXX_LIBRARY = "libc++";
				CLANG_ENABLE_MODULES = YES;
				CLANG_ENABLE_OBJC_ARC = YES;
				CLANG_ENABLE_OBJC_WEAK = YES;
				CLANG_WARN_BLOCK_CAPTURE_AUTORELEASING = YES;
				CLANG_WARN_BOOL_CONVERSION = YES;
				CLANG_WARN_COMMA = YES;
				CLANG_WARN_CONSTANT_CONVERSION = YES;
				CLANG_WARN_DEPRECATED_OBJC_IMPLEMENTATIONS = YES;
				CLANG_WARN_DIRECT_OBJC_ISA_USAGE = YES_ERROR;
				CLANG_WARN_DOCUMENTATION_COMMENTS = YES;
				CLANG_WARN_EMPTY_BODY = YES;
				CLANG_WARN_ENUM_CONVERSION = YES;
				CLANG_WARN_INFINITE_RECURSION = YES;
				CLANG_WARN_INT_CONVERSION = YES;
				CLANG_WARN_NON_LITERAL_NULL_CONVERSION = YES;
				CLANG_WARN_OBJC_IMPLICIT_RETAIN_SELF = YES;
				CLANG_WARN_OBJC_LITERAL_CONVERSION = YES;
				CLANG_WARN_OBJC_ROOT_CLASS = YES_ERROR;
				CLANG_WARN_RANGE_LOOP_ANALYSIS = YES;
				CLANG_WARN_STRICT_PROTOTYPES = YES;
				CLANG_WARN_SUSPICIOUS_MOVE = YES;
				CLANG_WARN_UNGUARDED_AVAILABILITY = YES_AGGRESSIVE;
				CLANG_WARN_UNREACHABLE_CODE = YES;
				CLANG_WARN__DUPLICATE_METHOD_MATCH = YES;
				CODE_SIGN_IDENTITY = "iPhone Developer";
				COPY_PHASE_STRIP = NO;
				DEBUG_INFORMATION_FORMAT = "dwarf-with-dsym";
				ENABLE_NS_ASSERTIONS = NO;
				ENABLE_STRICT_OBJC_MSGSEND = YES;
				GCC_C_LANGUAGE_STANDARD = gnu11;
				GCC_NO_COMMON_BLOCKS = YES;
				GCC_WARN_64_TO_32_BIT_CONVERSION = YES;
				GCC_WARN_ABOUT_RETURN_TYPE = YES_ERROR;
				GCC_WARN_UNDECLARED_SELECTOR = YES;
				GCC_WARN_UNINITIALIZED_AUTOS = YES_AGGRESSIVE;
				GCC_WARN_UNUSED_FUNCTION = YES;
				GCC_WARN_UNUSED_VARIABLE = YES;
				IPHONEOS_DEPLOYMENT_TARGET = 11.3;
				MTL_ENABLE_DEBUG_INFO = NO;
				SDKROOT = iphoneos;
				SWIFT_COMPILATION_MODE = wholemodule;
				SWIFT_OPTIMIZATION_LEVEL = "-O";
				VALIDATE_PRODUCT = YES;
			};
			name = Release;
		};
		3491EFFE2080E24000EAB303 /* Debug */ = {
			isa = XCBuildConfiguration;
			buildSettings = {
				ASSETCATALOG_COMPILER_APPICON_NAME = AppIcon;
				CODE_SIGN_STYLE = Automatic;
				INFOPLIST_FILE = ThreadForiOS/Info.plist;
				IPHONEOS_DEPLOYMENT_TARGET = 9.0;
				LD_RUNPATH_SEARCH_PATHS = (
					"$(inherited)",
					"@executable_path/Frameworks",
				);
				PRODUCT_BUNDLE_IDENTIFIER = com.ronansparks.ThreadForiOS;
				PRODUCT_NAME = "$(TARGET_NAME)";
				SWIFT_VERSION = 4.0;
				TARGETED_DEVICE_FAMILY = "1,2";
			};
			name = Debug;
		};
		3491EFFF2080E24000EAB303 /* Release */ = {
			isa = XCBuildConfiguration;
			buildSettings = {
				ASSETCATALOG_COMPILER_APPICON_NAME = AppIcon;
				CODE_SIGN_STYLE = Automatic;
				INFOPLIST_FILE = ThreadForiOS/Info.plist;
				IPHONEOS_DEPLOYMENT_TARGET = 9.0;
				LD_RUNPATH_SEARCH_PATHS = (
					"$(inherited)",
					"@executable_path/Frameworks",
				);
				PRODUCT_BUNDLE_IDENTIFIER = com.ronansparks.ThreadForiOS;
				PRODUCT_NAME = "$(TARGET_NAME)";
				SWIFT_VERSION = 4.0;
				TARGETED_DEVICE_FAMILY = "1,2";
			};
			name = Release;
		};
/* End XCBuildConfiguration section */

/* Begin XCConfigurationList section */
		3491EFE62080E23F00EAB303 /* Build configuration list for PBXProject "ThreadForiOS" */ = {
			isa = XCConfigurationList;
			buildConfigurations = (
				3491EFFB2080E24000EAB303 /* Debug */,
				3491EFFC2080E24000EAB303 /* Release */,
			);
			defaultConfigurationIsVisible = 0;
			defaultConfigurationName = Release;
		};
		3491EFFD2080E24000EAB303 /* Build configuration list for PBXNativeTarget "ThreadForiOS" */ = {
			isa = XCConfigurationList;
			buildConfigurations = (
				3491EFFE2080E24000EAB303 /* Debug */,
				3491EFFF2080E24000EAB303 /* Release */,
			);
			defaultConfigurationIsVisible = 0;
			defaultConfigurationName = Release;
		};
/* End XCConfigurationList section */
	};
	rootObject = 3491EFE32080E23F00EAB303 /* Project object */;
}
